// !$*UTF8*$!
{
	archiveVersion = 1;
	classes = {
	};
	objectVersion = 51;
	objects = {

/* Begin PBXBuildFile section */
		A10CDABA243D85290045D6CF /* AppDelegate.m in Sources */ = {isa = PBXBuildFile; fileRef = A10CDAB9243D85290045D6CF /* AppDelegate.m */; };
		A10CDABD243D85290045D6CF /* SceneDelegate.m in Sources */ = {isa = PBXBuildFile; fileRef = A10CDABC243D85290045D6CF /* SceneDelegate.m */; };
		A10CDAC0243D85290045D6CF /* ViewController.m in Sources */ = {isa = PBXBuildFile; fileRef = A10CDABF243D85290045D6CF /* ViewController.m */; };
		A10CDAC3243D85290045D6CF /* Main.storyboard in Resources */ = {isa = PBXBuildFile; fileRef = A10CDAC1243D85290045D6CF /* Main.storyboard */; };
		A10CDAC5243D852B0045D6CF /* Assets.xcassets in Resources */ = {isa = PBXBuildFile; fileRef = A10CDAC4243D852B0045D6CF /* Assets.xcassets */; };
		A10CDAC8243D852B0045D6CF /* LaunchScreen.storyboard in Resources */ = {isa = PBXBuildFile; fileRef = A10CDAC6243D852B0045D6CF /* LaunchScreen.storyboard */; };
		A10CDACB243D852B0045D6CF /* main.m in Sources */ = {isa = PBXBuildFile; fileRef = A10CDACA243D852B0045D6CF /* main.m */; };
		A10CDAD6243D86020045D6CF /* SKXMLDictionaryParser.m in Sources */ = {isa = PBXBuildFile; fileRef = A10CDAD5243D86020045D6CF /* SKXMLDictionaryParser.m */; };
		C2B68ABDBFD85379429C142F /* Pods_MusicXMLDemo.framework in Frameworks */ = {isa = PBXBuildFile; fileRef = FD442D9D9AEADE0633881083 /* Pods_MusicXMLDemo.framework */; };
/* End PBXBuildFile section */

/* Begin PBXFileReference section */
		86D65623D102D5AFDEAB9B51 /* Pods-MusicXMLDemo.debug.xcconfig */ = {isa = PBXFileReference; includeInIndex = 1; lastKnownFileType = text.xcconfig; name = "Pods-MusicXMLDemo.debug.xcconfig"; path = "Target Support Files/Pods-MusicXMLDemo/Pods-MusicXMLDemo.debug.xcconfig"; sourceTree = "<group>"; };
		A10CDAB5243D85290045D6CF /* MusicXMLDemo.app */ = {isa = PBXFileReference; explicitFileType = wrapper.application; includeInIndex = 0; path = MusicXMLDemo.app; sourceTree = BUILT_PRODUCTS_DIR; };
		A10CDAB8243D85290045D6CF /* AppDelegate.h */ = {isa = PBXFileReference; lastKnownFileType = sourcecode.c.h; path = AppDelegate.h; sourceTree = "<group>"; };
		A10CDAB9243D85290045D6CF /* AppDelegate.m */ = {isa = PBXFileReference; lastKnownFileType = sourcecode.c.objc; path = AppDelegate.m; sourceTree = "<group>"; };
		A10CDABB243D85290045D6CF /* SceneDelegate.h */ = {isa = PBXFileReference; lastKnownFileType = sourcecode.c.h; path = SceneDelegate.h; sourceTree = "<group>"; };
		A10CDABC243D85290045D6CF /* SceneDelegate.m */ = {isa = PBXFileReference; lastKnownFileType = sourcecode.c.objc; path = SceneDelegate.m; sourceTree = "<group>"; };
		A10CDABE243D85290045D6CF /* ViewController.h */ = {isa = PBXFileReference; lastKnownFileType = sourcecode.c.h; path = ViewController.h; sourceTree = "<group>"; };
		A10CDABF243D85290045D6CF /* ViewController.m */ = {isa = PBXFileReference; lastKnownFileType = sourcecode.c.objc; path = ViewController.m; sourceTree = "<group>"; };
		A10CDAC2243D85290045D6CF /* Base */ = {isa = PBXFileReference; lastKnownFileType = file.storyboard; name = Base; path = Base.lproj/Main.storyboard; sourceTree = "<group>"; };
		A10CDAC4243D852B0045D6CF /* Assets.xcassets */ = {isa = PBXFileReference; lastKnownFileType = folder.assetcatalog; path = Assets.xcassets; sourceTree = "<group>"; };
		A10CDAC7243D852B0045D6CF /* Base */ = {isa = PBXFileReference; lastKnownFileType = file.storyboard; name = Base; path = Base.lproj/LaunchScreen.storyboard; sourceTree = "<group>"; };
		A10CDAC9243D852B0045D6CF /* Info.plist */ = {isa = PBXFileReference; lastKnownFileType = text.plist.xml; path = Info.plist; sourceTree = "<group>"; };
		A10CDACA243D852B0045D6CF /* main.m */ = {isa = PBXFileReference; lastKnownFileType = sourcecode.c.objc; path = main.m; sourceTree = "<group>"; };
		A10CDAD4243D86020045D6CF /* SKXMLDictionaryParser.h */ = {isa = PBXFileReference; lastKnownFileType = sourcecode.c.h; path = SKXMLDictionaryParser.h; sourceTree = "<group>"; };
		A10CDAD5243D86020045D6CF /* SKXMLDictionaryParser.m */ = {isa = PBXFileReference; lastKnownFileType = sourcecode.c.objc; path = SKXMLDictionaryParser.m; sourceTree = "<group>"; };
		BF8E9272F644CB8D35856FF7 /* Pods-MusicXMLDemo.release.xcconfig */ = {isa = PBXFileReference; includeInIndex = 1; lastKnownFileType = text.xcconfig; name = "Pods-MusicXMLDemo.release.xcconfig"; path = "Target Support Files/Pods-MusicXMLDemo/Pods-MusicXMLDemo.release.xcconfig"; sourceTree = "<group>"; };
		FD442D9D9AEADE0633881083 /* Pods_MusicXMLDemo.framework */ = {isa = PBXFileReference; explicitFileType = wrapper.framework; includeInIndex = 0; path = Pods_MusicXMLDemo.framework; sourceTree = BUILT_PRODUCTS_DIR; };
/* End PBXFileReference section */

/* Begin PBXFrameworksBuildPhase section */
		A10CDAB2243D85290045D6CF /* Frameworks */ = {
			isa = PBXFrameworksBuildPhase;
			buildActionMask = 2147483647;
			files = (
				C2B68ABDBFD85379429C142F /* Pods_MusicXMLDemo.framework in Frameworks */,
			);
			runOnlyForDeploymentPostprocessing = 0;
		};
/* End PBXFrameworksBuildPhase section */

/* Begin PBXGroup section */
		0DD8E95B8A04B5E925069C6B /* Pods */ = {
			isa = PBXGroup;
			children = (
				86D65623D102D5AFDEAB9B51 /* Pods-MusicXMLDemo.debug.xcconfig */,
				BF8E9272F644CB8D35856FF7 /* Pods-MusicXMLDemo.release.xcconfig */,
			);
			path = Pods;
			sourceTree = "<group>";
		};
		A10CDAAC243D85290045D6CF = {
			isa = PBXGroup;
			children = (
				A10CDAB7243D85290045D6CF /* MusicXMLDemo */,
				A10CDAB6243D85290045D6CF /* Products */,
				0DD8E95B8A04B5E925069C6B /* Pods */,
				DA8660CFE3BDFF35094BB809 /* Frameworks */,
			);
			sourceTree = "<group>";
		};
		A10CDAB6243D85290045D6CF /* Products */ = {
			isa = PBXGroup;
			children = (
				A10CDAB5243D85290045D6CF /* MusicXMLDemo.app */,
			);
			name = Products;
			sourceTree = "<group>";
		};
		A10CDAB7243D85290045D6CF /* MusicXMLDemo */ = {
			isa = PBXGroup;
			children = (
				A10CDAB8243D85290045D6CF /* AppDelegate.h */,
				A10CDAB9243D85290045D6CF /* AppDelegate.m */,
				A10CDABB243D85290045D6CF /* SceneDelegate.h */,
				A10CDABC243D85290045D6CF /* SceneDelegate.m */,
				A10CDABE243D85290045D6CF /* ViewController.h */,
				A10CDABF243D85290045D6CF /* ViewController.m */,
				A10CDAC1243D85290045D6CF /* Main.storyboard */,
				A10CDAC4243D852B0045D6CF /* Assets.xcassets */,
				A10CDAC6243D852B0045D6CF /* LaunchScreen.storyboard */,
				A10CDAC9243D852B0045D6CF /* Info.plist */,
				A10CDACA243D852B0045D6CF /* main.m */,
				A10CDAD4243D86020045D6CF /* SKXMLDictionaryParser.h */,
				A10CDAD5243D86020045D6CF /* SKXMLDictionaryParser.m */,
			);
			path = MusicXMLDemo;
			sourceTree = "<group>";
		};
		DA8660CFE3BDFF35094BB809 /* Frameworks */ = {
			isa = PBXGroup;
			children = (
				FD442D9D9AEADE0633881083 /* Pods_MusicXMLDemo.framework */,
			);
			name = Frameworks;
			sourceTree = "<group>";
		};
/* End PBXGroup section */

/* Begin PBXNativeTarget section */
		A10CDAB4243D85290045D6CF /* MusicXMLDemo */ = {
			isa = PBXNativeTarget;
			buildConfigurationList = A10CDACE243D852B0045D6CF /* Build configuration list for PBXNativeTarget "MusicXMLDemo" */;
			buildPhases = (
				A49A9B808C361C9109E22670 /* [CP] Check Pods Manifest.lock */,
				A10CDAB1243D85290045D6CF /* Sources */,
				A10CDAB2243D85290045D6CF /* Frameworks */,
				A10CDAB3243D85290045D6CF /* Resources */,
				9CDC22C95BDD543EBCFF5642 /* [CP] Embed Pods Frameworks */,
			);
			buildRules = (
			);
			dependencies = (
			);
			name = MusicXMLDemo;
			productName = MusicXMLDemo;
			productReference = A10CDAB5243D85290045D6CF /* MusicXMLDemo.app */;
			productType = "com.apple.product-type.application";
		};
/* End PBXNativeTarget section */

/* Begin PBXProject section */
		A10CDAAD243D85290045D6CF /* Project object */ = {
			isa = PBXProject;
			attributes = {
				LastUpgradeCheck = 1120;
				ORGANIZATIONNAME = shikaiming;
				TargetAttributes = {
					A10CDAB4243D85290045D6CF = {
						CreatedOnToolsVersion = 11.2.1;
					};
				};
			};
			buildConfigurationList = A10CDAB0243D85290045D6CF /* Build configuration list for PBXProject "MusicXMLDemo" */;
			compatibilityVersion = "Xcode 9.3";
			developmentRegion = en;
			hasScannedForEncodings = 0;
			knownRegions = (
				en,
				Base,
			);
			mainGroup = A10CDAAC243D85290045D6CF;
			productRefGroup = A10CDAB6243D85290045D6CF /* Products */;
			projectDirPath = "";
			projectRoot = "";
			targets = (
				A10CDAB4243D85290045D6CF /* MusicXMLDemo */,
			);
		};
/* End PBXProject section */

/* Begin PBXResourcesBuildPhase section */
		A10CDAB3243D85290045D6CF /* Resources */ = {
			isa = PBXResourcesBuildPhase;
			buildActionMask = 2147483647;
			files = (
				A10CDAC8243D852B0045D6CF /* LaunchScreen.storyboard in Resources */,
				A10CDAC5243D852B0045D6CF /* Assets.xcassets in Resources */,
				A10CDAC3243D85290045D6CF /* Main.storyboard in Resources */,
			);
			runOnlyForDeploymentPostprocessing = 0;
		};
/* End PBXResourcesBuildPhase section */

/* Begin PBXShellScriptBuildPhase section */
		9CDC22C95BDD543EBCFF5642 /* [CP] Embed Pods Frameworks */ = {
			isa = PBXShellScriptBuildPhase;
			buildActionMask = 2147483647;
			files = (
			);
			inputFileListPaths = (
				"${PODS_ROOT}/Target Support Files/Pods-MusicXMLDemo/Pods-MusicXMLDemo-frameworks-${CONFIGURATION}-input-files.xcfilelist",
			);
			name = "[CP] Embed Pods Frameworks";
			outputFileListPaths = (
				"${PODS_ROOT}/Target Support Files/Pods-MusicXMLDemo/Pods-MusicXMLDemo-frameworks-${CONFIGURATION}-output-files.xcfilelist",
			);
			runOnlyForDeploymentPostprocessing = 0;
			shellPath = /bin/sh;
			shellScript = "\"${PODS_ROOT}/Target Support Files/Pods-MusicXMLDemo/Pods-MusicXMLDemo-frameworks.sh\"\n";
			showEnvVarsInLog = 0;
		};
		A49A9B808C361C9109E22670 /* [CP] Check Pods Manifest.lock */ = {
			isa = PBXShellScriptBuildPhase;
			buildActionMask = 2147483647;
			files = (
			);
			inputFileListPaths = (
			);
			inputPaths = (
				"${PODS_PODFILE_DIR_PATH}/Podfile.lock",
				"${PODS_ROOT}/Manifest.lock",
			);
			name = "[CP] Check Pods Manifest.lock";
			outputFileListPaths = (
			);
			outputPaths = (
				"$(DERIVED_FILE_DIR)/Pods-MusicXMLDemo-checkManifestLockResult.txt",
			);
			runOnlyForDeploymentPostprocessing = 0;
			shellPath = /bin/sh;
			shellScript = "diff \"${PODS_PODFILE_DIR_PATH}/Podfile.lock\" \"${PODS_ROOT}/Manifest.lock\" > /dev/null\nif [ $? != 0 ] ; then\n    # print error to STDERR\n    echo \"error: The sandbox is not in sync with the Podfile.lock. Run 'pod install' or update your CocoaPods installation.\" >&2\n    exit 1\nfi\n# This output is used by Xcode 'outputs' to avoid re-running this script phase.\necho \"SUCCESS\" > \"${SCRIPT_OUTPUT_FILE_0}\"\n";
			showEnvVarsInLog = 0;
		};
/* End PBXShellScriptBuildPhase section */

/* Begin PBXSourcesBuildPhase section */
		A10CDAB1243D85290045D6CF /* Sources */ = {
			isa = PBXSourcesBuildPhase;
			buildActionMask = 2147483647;
			files = (
				A10CDAD6243D86020045D6CF /* SKXMLDictionaryParser.m in Sources */,
				A10CDAC0243D85290045D6CF /* ViewController.m in Sources */,
				A10CDABA243D85290045D6CF /* AppDelegate.m in Sources */,
				A10CDACB243D852B0045D6CF /* main.m in Sources */,
				A10CDABD243D85290045D6CF /* SceneDelegate.m in Sources */,
			);
			runOnlyForDeploymentPostprocessing = 0;
		};
/* End PBXSourcesBuildPhase section */

/* Begin PBXVariantGroup section */
		A10CDAC1243D85290045D6CF /* Main.storyboard */ = {
			isa = PBXVariantGroup;
			children = (
				A10CDAC2243D85290045D6CF /* Base */,
			);
			name = Main.storyboard;
			sourceTree = "<group>";
		};
		A10CDAC6243D852B0045D6CF /* LaunchScreen.storyboard */ = {
			isa = PBXVariantGroup;
			children = (
				A10CDAC7243D852B0045D6CF /* Base */,
			);
			name = LaunchScreen.storyboard;
			sourceTree = "<group>";
		};
/* End PBXVariantGroup section */

/* Begin XCBuildConfiguration section */
		A10CDACC243D852B0045D6CF /* Debug */ = {
			isa = XCBuildConfiguration;
			buildSettings = {
				ALWAYS_SEARCH_USER_PATHS = NO;
				CLANG_ANALYZER_NONNULL = YES;
				CLANG_ANALYZER_NUMBER_OBJECT_CONVERSION = YES_AGGRESSIVE;
				CLANG_CXX_LANGUAGE_STANDARD = "gnu++14";
				CLANG_CXX_LIBRARY = "libc++";
				CLANG_ENABLE_MODULES = YES;
				CLANG_ENABLE_OBJC_ARC = YES;
				CLANG_ENABLE_OBJC_WEAK = YES;
				CLANG_WARN_BLOCK_CAPTURE_AUTORELEASING = YES;
				CLANG_WARN_BOOL_CONVERSION = YES;
				CLANG_WARN_COMMA = YES;
				CLANG_WARN_CONSTANT_CONVERSION = YES;
				CLANG_WARN_DEPRECATED_OBJC_IMPLEMENTATIONS = YES;
				CLANG_WARN_DIRECT_OBJC_ISA_USAGE = YES_ERROR;
				CLANG_WARN_DOCUMENTATION_COMMENTS = YES;
				CLANG_WARN_EMPTY_BODY = YES;
				CLANG_WARN_ENUM_CONVERSION = YES;
				CLANG_WARN_INFINITE_RECURSION = YES;
				CLANG_WARN_INT_CONVERSION = YES;
				CLANG_WARN_NON_LITERAL_NULL_CONVERSION = YES;
				CLANG_WARN_OBJC_IMPLICIT_RETAIN_SELF = YES;
				CLANG_WARN_OBJC_LITERAL_CONVERSION = YES;
				CLANG_WARN_OBJC_ROOT_CLASS = YES_ERROR;
				CLANG_WARN_RANGE_LOOP_ANALYSIS = YES;
				CLANG_WARN_STRICT_PROTOTYPES = YES;
				CLANG_WARN_SUSPICIOUS_MOVE = YES;
				CLANG_WARN_UNGUARDED_AVAILABILITY = YES_AGGRESSIVE;
				CLANG_WARN_UNREACHABLE_CODE = YES;
				CLANG_WARN__DUPLICATE_METHOD_MATCH = YES;
				COPY_PHASE_STRIP = NO;
				DEBUG_INFORMATION_FORMAT = dwarf;
				ENABLE_STRICT_OBJC_MSGSEND = YES;
				ENABLE_TESTABILITY = YES;
				GCC_C_LANGUAGE_STANDARD = gnu11;
				GCC_DYNAMIC_NO_PIC = NO;
				GCC_NO_COMMON_BLOCKS = YES;
				GCC_OPTIMIZATION_LEVEL = 0;
				GCC_PREPROCESSOR_DEFINITIONS = (
					"DEBUG=1",
					"$(inherited)",
				);
				GCC_WARN_64_TO_32_BIT_CONVERSION = YES;
				GCC_WARN_ABOUT_RETURN_TYPE = YES_ERROR;
				GCC_WARN_UNDECLARED_SELECTOR = YES;
				GCC_WARN_UNINITIALIZED_AUTOS = YES_AGGRESSIVE;
				GCC_WARN_UNUSED_FUNCTION = YES;
				GCC_WARN_UNUSED_VARIABLE = YES;
				IPHONEOS_DEPLOYMENT_TARGET = 13.2;
				MTL_ENABLE_DEBUG_INFO = INCLUDE_SOURCE;
				MTL_FAST_MATH = YES;
				ONLY_ACTIVE_ARCH = YES;
				SDKROOT = iphoneos;
			};
			name = Debug;
		};
		A10CDACD243D852B0045D6CF /* Release */ = {
			isa = XCBuildConfiguration;
			buildSettings = {
				ALWAYS_SEARCH_USER_PATHS = NO;
				CLANG_ANALYZER_NONNULL = YES;
				CLANG_ANALYZER_NUMBER_OBJECT_CONVERSION = YES_AGGRESSIVE;
				CLANG_CXX_LANGUAGE_STANDARD = "gnu++14";
				CLANG_CXX_LIBRARY = "libc++";
				CLANG_ENABLE_MODULES = YES;
				CLANG_ENABLE_OBJC_ARC = YES;
				CLANG_ENABLE_OBJC_WEAK = YES;
				CLANG_WARN_BLOCK_CAPTURE_AUTORELEASING = YES;
				CLANG_WARN_BOOL_CONVERSION = YES;
				CLANG_WARN_COMMA = YES;
				CLANG_WARN_CONSTANT_CONVERSION = YES;
				CLANG_WARN_DEPRECATED_OBJC_IMPLEMENTATIONS = YES;
				CLANG_WARN_DIRECT_OBJC_ISA_USAGE = YES_ERROR;
				CLANG_WARN_DOCUMENTATION_COMMENTS = YES;
				CLANG_WARN_EMPTY_BODY = YES;
				CLANG_WARN_ENUM_CONVERSION = YES;
				CLANG_WARN_INFINITE_RECURSION = YES;
				CLANG_WARN_INT_CONVERSION = YES;
				CLANG_WARN_NON_LITERAL_NULL_CONVERSION = YES;
				CLANG_WARN_OBJC_IMPLICIT_RETAIN_SELF = YES;
				CLANG_WARN_OBJC_LITERAL_CONVERSION = YES;
				CLANG_WARN_OBJC_ROOT_CLASS = YES_ERROR;
				CLANG_WARN_RANGE_LOOP_ANALYSIS = YES;
				CLANG_WARN_STRICT_PROTOTYPES = YES;
				CLANG_WARN_SUSPICIOUS_MOVE = YES;
				CLANG_WARN_UNGUARDED_AVAILABILITY = YES_AGGRESSIVE;
				CLANG_WARN_UNREACHABLE_CODE = YES;
				CLANG_WARN__DUPLICATE_METHOD_MATCH = YES;
				COPY_PHASE_STRIP = NO;
				DEBUG_INFORMATION_FORMAT = "dwarf-with-dsym";
				ENABLE_NS_ASSERTIONS = NO;
				ENABLE_STRICT_OBJC_MSGSEND = YES;
				GCC_C_LANGUAGE_STANDARD = gnu11;
				GCC_NO_COMMON_BLOCKS = YES;
				GCC_WARN_64_TO_32_BIT_CONVERSION = YES;
				GCC_WARN_ABOUT_RETURN_TYPE = YES_ERROR;
				GCC_WARN_UNDECLARED_SELECTOR = YES;
				GCC_WARN_UNINITIALIZED_AUTOS = YES_AGGRESSIVE;
				GCC_WARN_UNUSED_FUNCTION = YES;
				GCC_WARN_UNUSED_VARIABLE = YES;
				IPHONEOS_DEPLOYMENT_TARGET = 13.2;
				MTL_ENABLE_DEBUG_INFO = NO;
				MTL_FAST_MATH = YES;
				SDKROOT = iphoneos;
				VALIDATE_PRODUCT = YES;
			};
			name = Release;
		};
		A10CDACF243D852B0045D6CF /* Debug */ = {
			isa = XCBuildConfiguration;
			baseConfigurationReference = 86D65623D102D5AFDEAB9B51 /* Pods-MusicXMLDemo.debug.xcconfig */;
			buildSettings = {
				ASSETCATALOG_COMPILER_APPICON_NAME = AppIcon;
				CODE_SIGN_STYLE = Automatic;
				INFOPLIST_FILE = MusicXMLDemo/Info.plist;
				LD_RUNPATH_SEARCH_PATHS = (
					"$(inherited)",
					"@executable_path/Frameworks",
				);
				PRODUCT_BUNDLE_IDENTIFIER = com.shikaiming.MusicXMLDemo;
				PRODUCT_NAME = "$(TARGET_NAME)";
				TARGETED_DEVICE_FAMILY = "1,2";
			};
			name = Debug;
		};
		A10CDAD0243D852B0045D6CF /* Release */ = {
			isa = XCBuildConfiguration;
			baseConfigurationReference = BF8E9272F644CB8D35856FF7 /* Pods-MusicXMLDemo.release.xcconfig */;
			buildSettings = {
				ASSETCATALOG_COMPILER_APPICON_NAME = AppIcon;
				CODE_SIGN_STYLE = Automatic;
				INFOPLIST_FILE = MusicXMLDemo/Info.plist;
				LD_RUNPATH_SEARCH_PATHS = (
					"$(inherited)",
					"@executable_path/Frameworks",
				);
				PRODUCT_BUNDLE_IDENTIFIER = com.shikaiming.MusicXMLDemo;
				PRODUCT_NAME = "$(TARGET_NAME)";
				TARGETED_DEVICE_FAMILY = "1,2";
			};
			name = Release;
		};
/* End XCBuildConfiguration section */

/* Begin XCConfigurationList section */
		A10CDAB0243D85290045D6CF /* Build configuration list for PBXProject "MusicXMLDemo" */ = {
			isa = XCConfigurationList;
			buildConfigurations = (
				A10CDACC243D852B0045D6CF /* Debug */,
				A10CDACD243D852B0045D6CF /* Release */,
			);
			defaultConfigurationIsVisible = 0;
			defaultConfigurationName = Release;
		};
		A10CDACE243D852B0045D6CF /* Build configuration list for PBXNativeTarget "MusicXMLDemo" */ = {
			isa = XCConfigurationList;
			buildConfigurations = (
				A10CDACF243D852B0045D6CF /* Debug */,
				A10CDAD0243D852B0045D6CF /* Release */,
			);
			defaultConfigurationIsVisible = 0;
			defaultConfigurationName = Release;
		};
/* End XCConfigurationList section */
	};
	rootObject = A10CDAAD243D85290045D6CF /* Project object */;
}
